// !$*UTF8*$!
{
	archiveVersion = 1;
	classes = {
	};
	objectVersion = 50;
	objects = {

/* Begin PBXBuildFile section */
		47C10E1525709B1900307CA6 /* AppDelegate.swift in Sources */ = {isa = PBXBuildFile; fileRef = 47C10E1425709B1900307CA6 /* AppDelegate.swift */; };
		47C10E1725709B1900307CA6 /* SceneDelegate.swift in Sources */ = {isa = PBXBuildFile; fileRef = 47C10E1625709B1900307CA6 /* SceneDelegate.swift */; };
		47C10E1925709B1900307CA6 /* ContentView.swift in Sources */ = {isa = PBXBuildFile; fileRef = 47C10E1825709B1900307CA6 /* ContentView.swift */; };
		47C10E1C25709B1900307CA6 /* iFriends.xcdatamodeld in Sources */ = {isa = PBXBuildFile; fileRef = 47C10E1A25709B1900307CA6 /* iFriends.xcdatamodeld */; };
		47C10E1E25709B1A00307CA6 /* Assets.xcassets in Resources */ = {isa = PBXBuildFile; fileRef = 47C10E1D25709B1A00307CA6 /* Assets.xcassets */; };
		47C10E2125709B1A00307CA6 /* Preview Assets.xcassets in Resources */ = {isa = PBXBuildFile; fileRef = 47C10E2025709B1A00307CA6 /* Preview Assets.xcassets */; };
		47C10E2425709B1A00307CA6 /* LaunchScreen.storyboard in Resources */ = {isa = PBXBuildFile; fileRef = 47C10E2225709B1A00307CA6 /* LaunchScreen.storyboard */; };
/* End PBXBuildFile section */

/* Begin PBXFileReference section */
		47C10E1125709B1900307CA6 /* iFriends.app */ = {isa = PBXFileReference; explicitFileType = wrapper.application; includeInIndex = 0; path = iFriends.app; sourceTree = BUILT_PRODUCTS_DIR; };
		47C10E1425709B1900307CA6 /* AppDelegate.swift */ = {isa = PBXFileReference; lastKnownFileType = sourcecode.swift; path = AppDelegate.swift; sourceTree = "<group>"; };
		47C10E1625709B1900307CA6 /* SceneDelegate.swift */ = {isa = PBXFileReference; lastKnownFileType = sourcecode.swift; path = SceneDelegate.swift; sourceTree = "<group>"; };
		47C10E1825709B1900307CA6 /* ContentView.swift */ = {isa = PBXFileReference; lastKnownFileType = sourcecode.swift; path = ContentView.swift; sourceTree = "<group>"; };
		47C10E1B25709B1900307CA6 /* iFriends.xcdatamodel */ = {isa = PBXFileReference; lastKnownFileType = wrapper.xcdatamodel; path = iFriends.xcdatamodel; sourceTree = "<group>"; };
		47C10E1D25709B1A00307CA6 /* Assets.xcassets */ = {isa = PBXFileReference; lastKnownFileType = folder.assetcatalog; path = Assets.xcassets; sourceTree = "<group>"; };
		47C10E2025709B1A00307CA6 /* Preview Assets.xcassets */ = {isa = PBXFileReference; lastKnownFileType = folder.assetcatalog; path = "Preview Assets.xcassets"; sourceTree = "<group>"; };
		47C10E2325709B1A00307CA6 /* Base */ = {isa = PBXFileReference; lastKnownFileType = file.storyboard; name = Base; path = Base.lproj/LaunchScreen.storyboard; sourceTree = "<group>"; };
		47C10E2525709B1A00307CA6 /* Info.plist */ = {isa = PBXFileReference; lastKnownFileType = text.plist.xml; path = Info.plist; sourceTree = "<group>"; };
/* End PBXFileReference section */

/* Begin PBXFrameworksBuildPhase section */
		47C10E0E25709B1900307CA6 /* Frameworks */ = {
			isa = PBXFrameworksBuildPhase;
			buildActionMask = 2147483647;
			files = (
			);
			runOnlyForDeploymentPostprocessing = 0;
		};
/* End PBXFrameworksBuildPhase section */

/* Begin PBXGroup section */
		47C10E0825709B1900307CA6 = {
			isa = PBXGroup;
			children = (
				47C10E1325709B1900307CA6 /* iFriends */,
				47C10E1225709B1900307CA6 /* Products */,
			);
			sourceTree = "<group>";
		};
		47C10E1225709B1900307CA6 /* Products */ = {
			isa = PBXGroup;
			children = (
				47C10E1125709B1900307CA6 /* iFriends.app */,
			);
			name = Products;
			sourceTree = "<group>";
		};
		47C10E1325709B1900307CA6 /* iFriends */ = {
			isa = PBXGroup;
			children = (
				47C10E1425709B1900307CA6 /* AppDelegate.swift */,
				47C10E1625709B1900307CA6 /* SceneDelegate.swift */,
				47C10E1825709B1900307CA6 /* ContentView.swift */,
				47C10E1D25709B1A00307CA6 /* Assets.xcassets */,
				47C10E2225709B1A00307CA6 /* LaunchScreen.storyboard */,
				47C10E2525709B1A00307CA6 /* Info.plist */,
				47C10E1A25709B1900307CA6 /* iFriends.xcdatamodeld */,
				47C10E1F25709B1A00307CA6 /* Preview Content */,
			);
			path = iFriends;
			sourceTree = "<group>";
		};
		47C10E1F25709B1A00307CA6 /* Preview Content */ = {
			isa = PBXGroup;
			children = (
				47C10E2025709B1A00307CA6 /* Preview Assets.xcassets */,
			);
			path = "Preview Content";
			sourceTree = "<group>";
		};
/* End PBXGroup section */

/* Begin PBXNativeTarget section */
		47C10E1025709B1900307CA6 /* iFriends */ = {
			isa = PBXNativeTarget;
			buildConfigurationList = 47C10E2825709B1A00307CA6 /* Build configuration list for PBXNativeTarget "iFriends" */;
			buildPhases = (
				47C10E0D25709B1900307CA6 /* Sources */,
				47C10E0E25709B1900307CA6 /* Frameworks */,
				47C10E0F25709B1900307CA6 /* Resources */,
			);
			buildRules = (
			);
			dependencies = (
			);
			name = iFriends;
			productName = iFriends;
			productReference = 47C10E1125709B1900307CA6 /* iFriends.app */;
			productType = "com.apple.product-type.application";
		};
/* End PBXNativeTarget section */

/* Begin PBXProject section */
		47C10E0925709B1900307CA6 /* Project object */ = {
			isa = PBXProject;
			attributes = {
				LastSwiftUpdateCheck = 1220;
				LastUpgradeCheck = 1220;
				TargetAttributes = {
					47C10E1025709B1900307CA6 = {
						CreatedOnToolsVersion = 12.2;
					};
				};
			};
			buildConfigurationList = 47C10E0C25709B1900307CA6 /* Build configuration list for PBXProject "iFriends" */;
			compatibilityVersion = "Xcode 9.3";
			developmentRegion = en;
			hasScannedForEncodings = 0;
			knownRegions = (
				en,
				Base,
			);
			mainGroup = 47C10E0825709B1900307CA6;
			productRefGroup = 47C10E1225709B1900307CA6 /* Products */;
			projectDirPath = "";
			projectRoot = "";
			targets = (
				47C10E1025709B1900307CA6 /* iFriends */,
			);
		};
/* End PBXProject section */

/* Begin PBXResourcesBuildPhase section */
		47C10E0F25709B1900307CA6 /* Resources */ = {
			isa = PBXResourcesBuildPhase;
			buildActionMask = 2147483647;
			files = (
				47C10E2425709B1A00307CA6 /* LaunchScreen.storyboard in Resources */,
				47C10E2125709B1A00307CA6 /* Preview Assets.xcassets in Resources */,
				47C10E1E25709B1A00307CA6 /* Assets.xcassets in Resources */,
			);
			runOnlyForDeploymentPostprocessing = 0;
		};
/* End PBXResourcesBuildPhase section */

/* Begin PBXSourcesBuildPhase section */
		47C10E0D25709B1900307CA6 /* Sources */ = {
			isa = PBXSourcesBuildPhase;
			buildActionMask = 2147483647;
			files = (
				47C10E1525709B1900307CA6 /* AppDelegate.swift in Sources */,
				47C10E1C25709B1900307CA6 /* iFriends.xcdatamodeld in Sources */,
				47C10E1725709B1900307CA6 /* SceneDelegate.swift in Sources */,
				47C10E1925709B1900307CA6 /* ContentView.swift in Sources */,
			);
			runOnlyForDeploymentPostprocessing = 0;
		};
/* End PBXSourcesBuildPhase section */

/* Begin PBXVariantGroup section */
		47C10E2225709B1A00307CA6 /* LaunchScreen.storyboard */ = {
			isa = PBXVariantGroup;
			children = (
				47C10E2325709B1A00307CA6 /* Base */,
			);
			name = LaunchScreen.storyboard;
			sourceTree = "<group>";
		};
/* End PBXVariantGroup section */

/* Begin XCBuildConfiguration section */
		47C10E2625709B1A00307CA6 /* Debug */ = {
			isa = XCBuildConfiguration;
			buildSettings = {
				ALWAYS_SEARCH_USER_PATHS = NO;
				CLANG_ANALYZER_NONNULL = YES;
				CLANG_ANALYZER_NUMBER_OBJECT_CONVERSION = YES_AGGRESSIVE;
				CLANG_CXX_LANGUAGE_STANDARD = "gnu++14";
				CLANG_CXX_LIBRARY = "libc++";
				CLANG_ENABLE_MODULES = YES;
				CLANG_ENABLE_OBJC_ARC = YES;
				CLANG_ENABLE_OBJC_WEAK = YES;
				CLANG_WARN_BLOCK_CAPTURE_AUTORELEASING = YES;
				CLANG_WARN_BOOL_CONVERSION = YES;
				CLANG_WARN_COMMA = YES;
				CLANG_WARN_CONSTANT_CONVERSION = YES;
				CLANG_WARN_DEPRECATED_OBJC_IMPLEMENTATIONS = YES;
				CLANG_WARN_DIRECT_OBJC_ISA_USAGE = YES_ERROR;
				CLANG_WARN_DOCUMENTATION_COMMENTS = YES;
				CLANG_WARN_EMPTY_BODY = YES;
				CLANG_WARN_ENUM_CONVERSION = YES;
				CLANG_WARN_INFINITE_RECURSION = YES;
				CLANG_WARN_INT_CONVERSION = YES;
				CLANG_WARN_NON_LITERAL_NULL_CONVERSION = YES;
				CLANG_WARN_OBJC_IMPLICIT_RETAIN_SELF = YES;
				CLANG_WARN_OBJC_LITERAL_CONVERSION = YES;
				CLANG_WARN_OBJC_ROOT_CLASS = YES_ERROR;
				CLANG_WARN_QUOTED_INCLUDE_IN_FRAMEWORK_HEADER = YES;
				CLANG_WARN_RANGE_LOOP_ANALYSIS = YES;
				CLANG_WARN_STRICT_PROTOTYPES = YES;
				CLANG_WARN_SUSPICIOUS_MOVE = YES;
				CLANG_WARN_UNGUARDED_AVAILABILITY = YES_AGGRESSIVE;
				CLANG_WARN_UNREACHABLE_CODE = YES;
				CLANG_WARN__DUPLICATE_METHOD_MATCH = YES;
				COPY_PHASE_STRIP = NO;
				DEBUG_INFORMATION_FORMAT = dwarf;
				ENABLE_STRICT_OBJC_MSGSEND = YES;
				ENABLE_TESTABILITY = YES;
				GCC_C_LANGUAGE_STANDARD = gnu11;
				GCC_DYNAMIC_NO_PIC = NO;
				GCC_NO_COMMON_BLOCKS = YES;
				GCC_OPTIMIZATION_LEVEL = 0;
				GCC_PREPROCESSOR_DEFINITIONS = (
					"DEBUG=1",
					"$(inherited)",
				);
				GCC_WARN_64_TO_32_BIT_CONVERSION = YES;
				GCC_WARN_ABOUT_RETURN_TYPE = YES_ERROR;
				GCC_WARN_UNDECLARED_SELECTOR = YES;
				GCC_WARN_UNINITIALIZED_AUTOS = YES_AGGRESSIVE;
				GCC_WARN_UNUSED_FUNCTION = YES;
				GCC_WARN_UNUSED_VARIABLE = YES;
				IPHONEOS_DEPLOYMENT_TARGET = 14.2;
				MTL_ENABLE_DEBUG_INFO = INCLUDE_SOURCE;
				MTL_FAST_MATH = YES;
				ONLY_ACTIVE_ARCH = YES;
				SDKROOT = iphoneos;
				SWIFT_ACTIVE_COMPILATION_CONDITIONS = DEBUG;
				SWIFT_OPTIMIZATION_LEVEL = "-Onone";
			};
			name = Debug;
		};
		47C10E2725709B1A00307CA6 /* Release */ = {
			isa = XCBuildConfiguration;
			buildSettings = {
				ALWAYS_SEARCH_USER_PATHS = NO;
				CLANG_ANALYZER_NONNULL = YES;
				CLANG_ANALYZER_NUMBER_OBJECT_CONVERSION = YES_AGGRESSIVE;
				CLANG_CXX_LANGUAGE_STANDARD = "gnu++14";
				CLANG_CXX_LIBRARY = "libc++";
				CLANG_ENABLE_MODULES = YES;
				CLANG_ENABLE_OBJC_ARC = YES;
				CLANG_ENABLE_OBJC_WEAK = YES;
				CLANG_WARN_BLOCK_CAPTURE_AUTORELEASING = YES;
				CLANG_WARN_BOOL_CONVERSION = YES;
				CLANG_WARN_COMMA = YES;
				CLANG_WARN_CONSTANT_CONVERSION = YES;
				CLANG_WARN_DEPRECATED_OBJC_IMPLEMENTATIONS = YES;
				CLANG_WARN_DIRECT_OBJC_ISA_USAGE = YES_ERROR;
				CLANG_WARN_DOCUMENTATION_COMMENTS = YES;
				CLANG_WARN_EMPTY_BODY = YES;
				CLANG_WARN_ENUM_CONVERSION = YES;
				CLANG_WARN_INFINITE_RECURSION = YES;
				CLANG_WARN_INT_CONVERSION = YES;
				CLANG_WARN_NON_LITERAL_NULL_CONVERSION = YES;
				CLANG_WARN_OBJC_IMPLICIT_RETAIN_SELF = YES;
				CLANG_WARN_OBJC_LITERAL_CONVERSION = YES;
				CLANG_WARN_OBJC_ROOT_CLASS = YES_ERROR;
				CLANG_WARN_QUOTED_INCLUDE_IN_FRAMEWORK_HEADER = YES;
				CLANG_WARN_RANGE_LOOP_ANALYSIS = YES;
				CLANG_WARN_STRICT_PROTOTYPES = YES;
				CLANG_WARN_SUSPICIOUS_MOVE = YES;
				CLANG_WARN_UNGUARDED_AVAILABILITY = YES_AGGRESSIVE;
				CLANG_WARN_UNREACHABLE_CODE = YES;
				CLANG_WARN__DUPLICATE_METHOD_MATCH = YES;
				COPY_PHASE_STRIP = NO;
				DEBUG_INFORMATION_FORMAT = "dwarf-with-dsym";
				ENABLE_NS_ASSERTIONS = NO;
				ENABLE_STRICT_OBJC_MSGSEND = YES;
				GCC_C_LANGUAGE_STANDARD = gnu11;
				GCC_NO_COMMON_BLOCKS = YES;
				GCC_WARN_64_TO_32_BIT_CONVERSION = YES;
				GCC_WARN_ABOUT_RETURN_TYPE = YES_ERROR;
				GCC_WARN_UNDECLARED_SELECTOR = YES;
				GCC_WARN_UNINITIALIZED_AUTOS = YES_AGGRESSIVE;
				GCC_WARN_UNUSED_FUNCTION = YES;
				GCC_WARN_UNUSED_VARIABLE = YES;
				IPHONEOS_DEPLOYMENT_TARGET = 14.2;
				MTL_ENABLE_DEBUG_INFO = NO;
				MTL_FAST_MATH = YES;
				SDKROOT = iphoneos;
				SWIFT_COMPILATION_MODE = wholemodule;
				SWIFT_OPTIMIZATION_LEVEL = "-O";
				VALIDATE_PRODUCT = YES;
			};
			name = Release;
		};
		47C10E2925709B1A00307CA6 /* Debug */ = {
			isa = XCBuildConfiguration;
			buildSettings = {
				ASSETCATALOG_COMPILER_APPICON_NAME = AppIcon;
				ASSETCATALOG_COMPILER_GLOBAL_ACCENT_COLOR_NAME = AccentColor;
				CODE_SIGN_STYLE = Automatic;
				DEVELOPMENT_ASSET_PATHS = "\"iFriends/Preview Content\"";
				DEVELOPMENT_TEAM = R68J5MZ6GA;
				ENABLE_PREVIEWS = YES;
				INFOPLIST_FILE = iFriends/Info.plist;
				LD_RUNPATH_SEARCH_PATHS = (
					"$(inherited)",
					"@executable_path/Frameworks",
				);
				PRODUCT_BUNDLE_IDENTIFIER = br.com.marcospojr.iFriends;
				PRODUCT_NAME = "$(TARGET_NAME)";
				SWIFT_VERSION = 5.0;
				TARGETED_DEVICE_FAMILY = "1,2";
			};
			name = Debug;
		};
		47C10E2A25709B1A00307CA6 /* Release */ = {
			isa = XCBuildConfiguration;
			buildSettings = {
				ASSETCATALOG_COMPILER_APPICON_NAME = AppIcon;
				ASSETCATALOG_COMPILER_GLOBAL_ACCENT_COLOR_NAME = AccentColor;
				CODE_SIGN_STYLE = Automatic;
				DEVELOPMENT_ASSET_PATHS = "\"iFriends/Preview Content\"";
				DEVELOPMENT_TEAM = R68J5MZ6GA;
				ENABLE_PREVIEWS = YES;
				INFOPLIST_FILE = iFriends/Info.plist;
				LD_RUNPATH_SEARCH_PATHS = (
					"$(inherited)",
					"@executable_path/Frameworks",
				);
				PRODUCT_BUNDLE_IDENTIFIER = br.com.marcospojr.iFriends;
				PRODUCT_NAME = "$(TARGET_NAME)";
				SWIFT_VERSION = 5.0;
				TARGETED_DEVICE_FAMILY = "1,2";
			};
			name = Release;
		};
/* End XCBuildConfiguration section */

/* Begin XCConfigurationList section */
		47C10E0C25709B1900307CA6 /* Build configuration list for PBXProject "iFriends" */ = {
			isa = XCConfigurationList;
			buildConfigurations = (
				47C10E2625709B1A00307CA6 /* Debug */,
				47C10E2725709B1A00307CA6 /* Release */,
			);
			defaultConfigurationIsVisible = 0;
			defaultConfigurationName = Release;
		};
		47C10E2825709B1A00307CA6 /* Build configuration list for PBXNativeTarget "iFriends" */ = {
			isa = XCConfigurationList;
			buildConfigurations = (
				47C10E2925709B1A00307CA6 /* Debug */,
				47C10E2A25709B1A00307CA6 /* Release */,
			);
			defaultConfigurationIsVisible = 0;
			defaultConfigurationName = Release;
		};
/* End XCConfigurationList section */

/* Begin XCVersionGroup section */
		47C10E1A25709B1900307CA6 /* iFriends.xcdatamodeld */ = {
			isa = XCVersionGroup;
			children = (
				47C10E1B25709B1900307CA6 /* iFriends.xcdatamodel */,
			);
			currentVersion = 47C10E1B25709B1900307CA6 /* iFriends.xcdatamodel */;
			path = iFriends.xcdatamodeld;
			sourceTree = "<group>";
			versionGroupType = wrapper.xcdatamodel;
		};
/* End XCVersionGroup section */
	};
	rootObject = 47C10E0925709B1900307CA6 /* Project object */;
}
