// !$*UTF8*$!
{
	archiveVersion = 1;
	classes = {
	};
	objectVersion = 50;
	objects = {

/* Begin PBXBuildFile section */
		47DC311B2571B43E00354737 /* AppDelegate.swift in Sources */ = {isa = PBXBuildFile; fileRef = 47DC311A2571B43E00354737 /* AppDelegate.swift */; };
		47DC311D2571B43E00354737 /* SceneDelegate.swift in Sources */ = {isa = PBXBuildFile; fileRef = 47DC311C2571B43E00354737 /* SceneDelegate.swift */; };
		47DC311F2571B43E00354737 /* ContentView.swift in Sources */ = {isa = PBXBuildFile; fileRef = 47DC311E2571B43E00354737 /* ContentView.swift */; };
		47DC31212571B43E00354737 /* Assets.xcassets in Resources */ = {isa = PBXBuildFile; fileRef = 47DC31202571B43E00354737 /* Assets.xcassets */; };
		47DC31242571B43E00354737 /* Preview Assets.xcassets in Resources */ = {isa = PBXBuildFile; fileRef = 47DC31232571B43E00354737 /* Preview Assets.xcassets */; };
		47DC31272571B43E00354737 /* LaunchScreen.storyboard in Resources */ = {isa = PBXBuildFile; fileRef = 47DC31252571B43E00354737 /* LaunchScreen.storyboard */; };
		47DC31362571B47300354737 /* DataModel.xcdatamodeld in Sources */ = {isa = PBXBuildFile; fileRef = 47DC312F2571B47200354737 /* DataModel.xcdatamodeld */; };
		47DC31372571B47300354737 /* JSONUser.swift in Sources */ = {isa = PBXBuildFile; fileRef = 47DC31312571B47300354737 /* JSONUser.swift */; };
		47DC31382571B47300354737 /* DetailView.swift in Sources */ = {isa = PBXBuildFile; fileRef = 47DC31322571B47300354737 /* DetailView.swift */; };
		47DC31392571B47300354737 /* DataInitializer.swift in Sources */ = {isa = PBXBuildFile; fileRef = 47DC31332571B47300354737 /* DataInitializer.swift */; };
		47DC313A2571B47300354737 /* friendface.json in Resources */ = {isa = PBXBuildFile; fileRef = 47DC31342571B47300354737 /* friendface.json */; };
		47DC313B2571B47300354737 /* JSONFriend.swift in Sources */ = {isa = PBXBuildFile; fileRef = 47DC31352571B47300354737 /* JSONFriend.swift */; };
		47DC31452571B53C00354737 /* User+CoreDataProperties.swift in Sources */ = {isa = PBXBuildFile; fileRef = 47DC31412571B53B00354737 /* User+CoreDataProperties.swift */; };
		47DC31462571B53C00354737 /* Company+CoreDataProperties.swift in Sources */ = {isa = PBXBuildFile; fileRef = 47DC31422571B53B00354737 /* Company+CoreDataProperties.swift */; };
		47DC31472571B53C00354737 /* Company+CoreDataClass.swift in Sources */ = {isa = PBXBuildFile; fileRef = 47DC31432571B53B00354737 /* Company+CoreDataClass.swift */; };
		47DC31482571B53C00354737 /* User+CoreDataClass.swift in Sources */ = {isa = PBXBuildFile; fileRef = 47DC31442571B53C00354737 /* User+CoreDataClass.swift */; };
/* End PBXBuildFile section */

/* Begin PBXFileReference section */
		47DC31172571B43E00354737 /* iFriends.app */ = {isa = PBXFileReference; explicitFileType = wrapper.application; includeInIndex = 0; path = iFriends.app; sourceTree = BUILT_PRODUCTS_DIR; };
		47DC311A2571B43E00354737 /* AppDelegate.swift */ = {isa = PBXFileReference; lastKnownFileType = sourcecode.swift; path = AppDelegate.swift; sourceTree = "<group>"; };
		47DC311C2571B43E00354737 /* SceneDelegate.swift */ = {isa = PBXFileReference; lastKnownFileType = sourcecode.swift; path = SceneDelegate.swift; sourceTree = "<group>"; };
		47DC311E2571B43E00354737 /* ContentView.swift */ = {isa = PBXFileReference; lastKnownFileType = sourcecode.swift; path = ContentView.swift; sourceTree = "<group>"; };
		47DC31202571B43E00354737 /* Assets.xcassets */ = {isa = PBXFileReference; lastKnownFileType = folder.assetcatalog; path = Assets.xcassets; sourceTree = "<group>"; };
		47DC31232571B43E00354737 /* Preview Assets.xcassets */ = {isa = PBXFileReference; lastKnownFileType = folder.assetcatalog; path = "Preview Assets.xcassets"; sourceTree = "<group>"; };
		47DC31262571B43E00354737 /* Base */ = {isa = PBXFileReference; lastKnownFileType = file.storyboard; name = Base; path = Base.lproj/LaunchScreen.storyboard; sourceTree = "<group>"; };
		47DC31282571B43E00354737 /* Info.plist */ = {isa = PBXFileReference; lastKnownFileType = text.plist.xml; path = Info.plist; sourceTree = "<group>"; };
		47DC31302571B47200354737 /* DataModel.xcdatamodel */ = {isa = PBXFileReference; lastKnownFileType = wrapper.xcdatamodel; path = DataModel.xcdatamodel; sourceTree = "<group>"; };
		47DC31312571B47300354737 /* JSONUser.swift */ = {isa = PBXFileReference; fileEncoding = 4; lastKnownFileType = sourcecode.swift; path = JSONUser.swift; sourceTree = "<group>"; };
		47DC31322571B47300354737 /* DetailView.swift */ = {isa = PBXFileReference; fileEncoding = 4; lastKnownFileType = sourcecode.swift; path = DetailView.swift; sourceTree = "<group>"; };
		47DC31332571B47300354737 /* DataInitializer.swift */ = {isa = PBXFileReference; fileEncoding = 4; lastKnownFileType = sourcecode.swift; path = DataInitializer.swift; sourceTree = "<group>"; };
		47DC31342571B47300354737 /* friendface.json */ = {isa = PBXFileReference; fileEncoding = 4; lastKnownFileType = text.json; path = friendface.json; sourceTree = "<group>"; };
		47DC31352571B47300354737 /* JSONFriend.swift */ = {isa = PBXFileReference; fileEncoding = 4; lastKnownFileType = sourcecode.swift; path = JSONFriend.swift; sourceTree = "<group>"; };
		47DC31412571B53B00354737 /* User+CoreDataProperties.swift */ = {isa = PBXFileReference; fileEncoding = 4; lastKnownFileType = sourcecode.swift; path = "User+CoreDataProperties.swift"; sourceTree = "<group>"; };
		47DC31422571B53B00354737 /* Company+CoreDataProperties.swift */ = {isa = PBXFileReference; fileEncoding = 4; lastKnownFileType = sourcecode.swift; path = "Company+CoreDataProperties.swift"; sourceTree = "<group>"; };
		47DC31432571B53B00354737 /* Company+CoreDataClass.swift */ = {isa = PBXFileReference; fileEncoding = 4; lastKnownFileType = sourcecode.swift; path = "Company+CoreDataClass.swift"; sourceTree = "<group>"; };
		47DC31442571B53C00354737 /* User+CoreDataClass.swift */ = {isa = PBXFileReference; fileEncoding = 4; lastKnownFileType = sourcecode.swift; path = "User+CoreDataClass.swift"; sourceTree = "<group>"; };
/* End PBXFileReference section */

/* Begin PBXFrameworksBuildPhase section */
		47DC31142571B43E00354737 /* Frameworks */ = {
			isa = PBXFrameworksBuildPhase;
			buildActionMask = 2147483647;
			files = (
			);
			runOnlyForDeploymentPostprocessing = 0;
		};
/* End PBXFrameworksBuildPhase section */

/* Begin PBXGroup section */
		47DC310E2571B43E00354737 = {
			isa = PBXGroup;
			children = (
				47DC31192571B43E00354737 /* iFriends */,
				47DC31182571B43E00354737 /* Products */,
			);
			sourceTree = "<group>";
		};
		47DC31182571B43E00354737 /* Products */ = {
			isa = PBXGroup;
			children = (
				47DC31172571B43E00354737 /* iFriends.app */,
			);
			name = Products;
			sourceTree = "<group>";
		};
		47DC31192571B43E00354737 /* iFriends */ = {
			isa = PBXGroup;
			children = (
				47DC313F2571B4AB00354737 /* Views */,
				47DC313D2571B48000354737 /* Model */,
				47DC311A2571B43E00354737 /* AppDelegate.swift */,
				47DC311C2571B43E00354737 /* SceneDelegate.swift */,
				47DC312F2571B47200354737 /* DataModel.xcdatamodeld */,
				47DC31202571B43E00354737 /* Assets.xcassets */,
				47DC31252571B43E00354737 /* LaunchScreen.storyboard */,
				47DC31282571B43E00354737 /* Info.plist */,
				47DC31342571B47300354737 /* friendface.json */,
				47DC31222571B43E00354737 /* Preview Content */,
			);
			path = iFriends;
			sourceTree = "<group>";
		};
		47DC31222571B43E00354737 /* Preview Content */ = {
			isa = PBXGroup;
			children = (
				47DC31232571B43E00354737 /* Preview Assets.xcassets */,
			);
			path = "Preview Content";
			sourceTree = "<group>";
		};
		47DC313D2571B48000354737 /* Model */ = {
			isa = PBXGroup;
			children = (
				47DC31432571B53B00354737 /* Company+CoreDataClass.swift */,
				47DC31422571B53B00354737 /* Company+CoreDataProperties.swift */,
				47DC31442571B53C00354737 /* User+CoreDataClass.swift */,
				47DC31412571B53B00354737 /* User+CoreDataProperties.swift */,
				47DC31332571B47300354737 /* DataInitializer.swift */,
				47DC31352571B47300354737 /* JSONFriend.swift */,
				47DC31312571B47300354737 /* JSONUser.swift */,
			);
			path = Model;
			sourceTree = "<group>";
		};
		47DC313F2571B4AB00354737 /* Views */ = {
			isa = PBXGroup;
			children = (
				47DC31322571B47300354737 /* DetailView.swift */,
				47DC311E2571B43E00354737 /* ContentView.swift */,
			);
			path = Views;
			sourceTree = "<group>";
		};
/* End PBXGroup section */

/* Begin PBXNativeTarget section */
		47DC31162571B43E00354737 /* iFriends */ = {
			isa = PBXNativeTarget;
			buildConfigurationList = 47DC312B2571B43E00354737 /* Build configuration list for PBXNativeTarget "iFriends" */;
			buildPhases = (
				47DC31132571B43E00354737 /* Sources */,
				47DC31142571B43E00354737 /* Frameworks */,
				47DC31152571B43E00354737 /* Resources */,
			);
			buildRules = (
			);
			dependencies = (
			);
			name = iFriends;
			productName = iFriends;
			productReference = 47DC31172571B43E00354737 /* iFriends.app */;
			productType = "com.apple.product-type.application";
		};
/* End PBXNativeTarget section */

/* Begin PBXProject section */
		47DC310F2571B43E00354737 /* Project object */ = {
			isa = PBXProject;
			attributes = {
				LastSwiftUpdateCheck = 1220;
				LastUpgradeCheck = 1220;
				TargetAttributes = {
					47DC31162571B43E00354737 = {
						CreatedOnToolsVersion = 12.2;
					};
				};
			};
			buildConfigurationList = 47DC31122571B43E00354737 /* Build configuration list for PBXProject "iFriends" */;
			compatibilityVersion = "Xcode 9.3";
			developmentRegion = en;
			hasScannedForEncodings = 0;
			knownRegions = (
				en,
				Base,
			);
			mainGroup = 47DC310E2571B43E00354737;
			productRefGroup = 47DC31182571B43E00354737 /* Products */;
			projectDirPath = "";
			projectRoot = "";
			targets = (
				47DC31162571B43E00354737 /* iFriends */,
			);
		};
/* End PBXProject section */

/* Begin PBXResourcesBuildPhase section */
		47DC31152571B43E00354737 /* Resources */ = {
			isa = PBXResourcesBuildPhase;
			buildActionMask = 2147483647;
			files = (
				47DC31272571B43E00354737 /* LaunchScreen.storyboard in Resources */,
				47DC31242571B43E00354737 /* Preview Assets.xcassets in Resources */,
				47DC313A2571B47300354737 /* friendface.json in Resources */,
				47DC31212571B43E00354737 /* Assets.xcassets in Resources */,
			);
			runOnlyForDeploymentPostprocessing = 0;
		};
/* End PBXResourcesBuildPhase section */

/* Begin PBXSourcesBuildPhase section */
		47DC31132571B43E00354737 /* Sources */ = {
			isa = PBXSourcesBuildPhase;
			buildActionMask = 2147483647;
			files = (
				47DC31472571B53C00354737 /* Company+CoreDataClass.swift in Sources */,
				47DC31392571B47300354737 /* DataInitializer.swift in Sources */,
				47DC31482571B53C00354737 /* User+CoreDataClass.swift in Sources */,
				47DC311B2571B43E00354737 /* AppDelegate.swift in Sources */,
				47DC31382571B47300354737 /* DetailView.swift in Sources */,
				47DC31362571B47300354737 /* DataModel.xcdatamodeld in Sources */,
				47DC311D2571B43E00354737 /* SceneDelegate.swift in Sources */,
				47DC313B2571B47300354737 /* JSONFriend.swift in Sources */,
				47DC31372571B47300354737 /* JSONUser.swift in Sources */,
				47DC311F2571B43E00354737 /* ContentView.swift in Sources */,
				47DC31462571B53C00354737 /* Company+CoreDataProperties.swift in Sources */,
				47DC31452571B53C00354737 /* User+CoreDataProperties.swift in Sources */,
			);
			runOnlyForDeploymentPostprocessing = 0;
		};
/* End PBXSourcesBuildPhase section */

/* Begin PBXVariantGroup section */
		47DC31252571B43E00354737 /* LaunchScreen.storyboard */ = {
			isa = PBXVariantGroup;
			children = (
				47DC31262571B43E00354737 /* Base */,
			);
			name = LaunchScreen.storyboard;
			sourceTree = "<group>";
		};
/* End PBXVariantGroup section */

/* Begin XCBuildConfiguration section */
		47DC31292571B43E00354737 /* Debug */ = {
			isa = XCBuildConfiguration;
			buildSettings = {
				ALWAYS_SEARCH_USER_PATHS = NO;
				CLANG_ANALYZER_NONNULL = YES;
				CLANG_ANALYZER_NUMBER_OBJECT_CONVERSION = YES_AGGRESSIVE;
				CLANG_CXX_LANGUAGE_STANDARD = "gnu++14";
				CLANG_CXX_LIBRARY = "libc++";
				CLANG_ENABLE_MODULES = YES;
				CLANG_ENABLE_OBJC_ARC = YES;
				CLANG_ENABLE_OBJC_WEAK = YES;
				CLANG_WARN_BLOCK_CAPTURE_AUTORELEASING = YES;
				CLANG_WARN_BOOL_CONVERSION = YES;
				CLANG_WARN_COMMA = YES;
				CLANG_WARN_CONSTANT_CONVERSION = YES;
				CLANG_WARN_DEPRECATED_OBJC_IMPLEMENTATIONS = YES;
				CLANG_WARN_DIRECT_OBJC_ISA_USAGE = YES_ERROR;
				CLANG_WARN_DOCUMENTATION_COMMENTS = YES;
				CLANG_WARN_EMPTY_BODY = YES;
				CLANG_WARN_ENUM_CONVERSION = YES;
				CLANG_WARN_INFINITE_RECURSION = YES;
				CLANG_WARN_INT_CONVERSION = YES;
				CLANG_WARN_NON_LITERAL_NULL_CONVERSION = YES;
				CLANG_WARN_OBJC_IMPLICIT_RETAIN_SELF = YES;
				CLANG_WARN_OBJC_LITERAL_CONVERSION = YES;
				CLANG_WARN_OBJC_ROOT_CLASS = YES_ERROR;
				CLANG_WARN_QUOTED_INCLUDE_IN_FRAMEWORK_HEADER = YES;
				CLANG_WARN_RANGE_LOOP_ANALYSIS = YES;
				CLANG_WARN_STRICT_PROTOTYPES = YES;
				CLANG_WARN_SUSPICIOUS_MOVE = YES;
				CLANG_WARN_UNGUARDED_AVAILABILITY = YES_AGGRESSIVE;
				CLANG_WARN_UNREACHABLE_CODE = YES;
				CLANG_WARN__DUPLICATE_METHOD_MATCH = YES;
				COPY_PHASE_STRIP = NO;
				DEBUG_INFORMATION_FORMAT = dwarf;
				ENABLE_STRICT_OBJC_MSGSEND = YES;
				ENABLE_TESTABILITY = YES;
				GCC_C_LANGUAGE_STANDARD = gnu11;
				GCC_DYNAMIC_NO_PIC = NO;
				GCC_NO_COMMON_BLOCKS = YES;
				GCC_OPTIMIZATION_LEVEL = 0;
				GCC_PREPROCESSOR_DEFINITIONS = (
					"DEBUG=1",
					"$(inherited)",
				);
				GCC_WARN_64_TO_32_BIT_CONVERSION = YES;
				GCC_WARN_ABOUT_RETURN_TYPE = YES_ERROR;
				GCC_WARN_UNDECLARED_SELECTOR = YES;
				GCC_WARN_UNINITIALIZED_AUTOS = YES_AGGRESSIVE;
				GCC_WARN_UNUSED_FUNCTION = YES;
				GCC_WARN_UNUSED_VARIABLE = YES;
				IPHONEOS_DEPLOYMENT_TARGET = 14.2;
				MTL_ENABLE_DEBUG_INFO = INCLUDE_SOURCE;
				MTL_FAST_MATH = YES;
				ONLY_ACTIVE_ARCH = YES;
				SDKROOT = iphoneos;
				SWIFT_ACTIVE_COMPILATION_CONDITIONS = DEBUG;
				SWIFT_OPTIMIZATION_LEVEL = "-Onone";
			};
			name = Debug;
		};
		47DC312A2571B43E00354737 /* Release */ = {
			isa = XCBuildConfiguration;
			buildSettings = {
				ALWAYS_SEARCH_USER_PATHS = NO;
				CLANG_ANALYZER_NONNULL = YES;
				CLANG_ANALYZER_NUMBER_OBJECT_CONVERSION = YES_AGGRESSIVE;
				CLANG_CXX_LANGUAGE_STANDARD = "gnu++14";
				CLANG_CXX_LIBRARY = "libc++";
				CLANG_ENABLE_MODULES = YES;
				CLANG_ENABLE_OBJC_ARC = YES;
				CLANG_ENABLE_OBJC_WEAK = YES;
				CLANG_WARN_BLOCK_CAPTURE_AUTORELEASING = YES;
				CLANG_WARN_BOOL_CONVERSION = YES;
				CLANG_WARN_COMMA = YES;
				CLANG_WARN_CONSTANT_CONVERSION = YES;
				CLANG_WARN_DEPRECATED_OBJC_IMPLEMENTATIONS = YES;
				CLANG_WARN_DIRECT_OBJC_ISA_USAGE = YES_ERROR;
				CLANG_WARN_DOCUMENTATION_COMMENTS = YES;
				CLANG_WARN_EMPTY_BODY = YES;
				CLANG_WARN_ENUM_CONVERSION = YES;
				CLANG_WARN_INFINITE_RECURSION = YES;
				CLANG_WARN_INT_CONVERSION = YES;
				CLANG_WARN_NON_LITERAL_NULL_CONVERSION = YES;
				CLANG_WARN_OBJC_IMPLICIT_RETAIN_SELF = YES;
				CLANG_WARN_OBJC_LITERAL_CONVERSION = YES;
				CLANG_WARN_OBJC_ROOT_CLASS = YES_ERROR;
				CLANG_WARN_QUOTED_INCLUDE_IN_FRAMEWORK_HEADER = YES;
				CLANG_WARN_RANGE_LOOP_ANALYSIS = YES;
				CLANG_WARN_STRICT_PROTOTYPES = YES;
				CLANG_WARN_SUSPICIOUS_MOVE = YES;
				CLANG_WARN_UNGUARDED_AVAILABILITY = YES_AGGRESSIVE;
				CLANG_WARN_UNREACHABLE_CODE = YES;
				CLANG_WARN__DUPLICATE_METHOD_MATCH = YES;
				COPY_PHASE_STRIP = NO;
				DEBUG_INFORMATION_FORMAT = "dwarf-with-dsym";
				ENABLE_NS_ASSERTIONS = NO;
				ENABLE_STRICT_OBJC_MSGSEND = YES;
				GCC_C_LANGUAGE_STANDARD = gnu11;
				GCC_NO_COMMON_BLOCKS = YES;
				GCC_WARN_64_TO_32_BIT_CONVERSION = YES;
				GCC_WARN_ABOUT_RETURN_TYPE = YES_ERROR;
				GCC_WARN_UNDECLARED_SELECTOR = YES;
				GCC_WARN_UNINITIALIZED_AUTOS = YES_AGGRESSIVE;
				GCC_WARN_UNUSED_FUNCTION = YES;
				GCC_WARN_UNUSED_VARIABLE = YES;
				IPHONEOS_DEPLOYMENT_TARGET = 14.2;
				MTL_ENABLE_DEBUG_INFO = NO;
				MTL_FAST_MATH = YES;
				SDKROOT = iphoneos;
				SWIFT_COMPILATION_MODE = wholemodule;
				SWIFT_OPTIMIZATION_LEVEL = "-O";
				VALIDATE_PRODUCT = YES;
			};
			name = Release;
		};
		47DC312C2571B43E00354737 /* Debug */ = {
			isa = XCBuildConfiguration;
			buildSettings = {
				ASSETCATALOG_COMPILER_APPICON_NAME = AppIcon;
				ASSETCATALOG_COMPILER_GLOBAL_ACCENT_COLOR_NAME = AccentColor;
				CODE_SIGN_STYLE = Automatic;
				DEVELOPMENT_ASSET_PATHS = "\"iFriends/Preview Content\"";
				DEVELOPMENT_TEAM = R68J5MZ6GA;
				ENABLE_PREVIEWS = YES;
				INFOPLIST_FILE = iFriends/Info.plist;
				LD_RUNPATH_SEARCH_PATHS = (
					"$(inherited)",
					"@executable_path/Frameworks",
				);
				PRODUCT_BUNDLE_IDENTIFIER = br.com.marcospojr.iFriends;
				PRODUCT_NAME = "$(TARGET_NAME)";
				SWIFT_VERSION = 5.0;
				TARGETED_DEVICE_FAMILY = "1,2";
			};
			name = Debug;
		};
		47DC312D2571B43E00354737 /* Release */ = {
			isa = XCBuildConfiguration;
			buildSettings = {
				ASSETCATALOG_COMPILER_APPICON_NAME = AppIcon;
				ASSETCATALOG_COMPILER_GLOBAL_ACCENT_COLOR_NAME = AccentColor;
				CODE_SIGN_STYLE = Automatic;
				DEVELOPMENT_ASSET_PATHS = "\"iFriends/Preview Content\"";
				DEVELOPMENT_TEAM = R68J5MZ6GA;
				ENABLE_PREVIEWS = YES;
				INFOPLIST_FILE = iFriends/Info.plist;
				LD_RUNPATH_SEARCH_PATHS = (
					"$(inherited)",
					"@executable_path/Frameworks",
				);
				PRODUCT_BUNDLE_IDENTIFIER = br.com.marcospojr.iFriends;
				PRODUCT_NAME = "$(TARGET_NAME)";
				SWIFT_VERSION = 5.0;
				TARGETED_DEVICE_FAMILY = "1,2";
			};
			name = Release;
		};
/* End XCBuildConfiguration section */

/* Begin XCConfigurationList section */
		47DC31122571B43E00354737 /* Build configuration list for PBXProject "iFriends" */ = {
			isa = XCConfigurationList;
			buildConfigurations = (
				47DC31292571B43E00354737 /* Debug */,
				47DC312A2571B43E00354737 /* Release */,
			);
			defaultConfigurationIsVisible = 0;
			defaultConfigurationName = Release;
		};
		47DC312B2571B43E00354737 /* Build configuration list for PBXNativeTarget "iFriends" */ = {
			isa = XCConfigurationList;
			buildConfigurations = (
				47DC312C2571B43E00354737 /* Debug */,
				47DC312D2571B43E00354737 /* Release */,
			);
			defaultConfigurationIsVisible = 0;
			defaultConfigurationName = Release;
		};
/* End XCConfigurationList section */

/* Begin XCVersionGroup section */
		47DC312F2571B47200354737 /* DataModel.xcdatamodeld */ = {
			isa = XCVersionGroup;
			children = (
				47DC31302571B47200354737 /* DataModel.xcdatamodel */,
			);
			currentVersion = 47DC31302571B47200354737 /* DataModel.xcdatamodel */;
			path = DataModel.xcdatamodeld;
			sourceTree = "<group>";
			versionGroupType = wrapper.xcdatamodel;
		};
/* End XCVersionGroup section */
	};
	rootObject = 47DC310F2571B43E00354737 /* Project object */;
}
