// !$*UTF8*$!
{
	archiveVersion = 1;
	classes = {
	};
	objectVersion = 50;
	objects = {

/* Begin PBXBuildFile section */
		162301DC254C4F28005CBF4F /* AppDelegate.swift in Sources */ = {isa = PBXBuildFile; fileRef = 162301DB254C4F28005CBF4F /* AppDelegate.swift */; };
		162301DE254C4F28005CBF4F /* SceneDelegate.swift in Sources */ = {isa = PBXBuildFile; fileRef = 162301DD254C4F28005CBF4F /* SceneDelegate.swift */; };
		162301E1254C4F28005CBF4F /* Bookworm.xcdatamodeld in Sources */ = {isa = PBXBuildFile; fileRef = 162301DF254C4F28005CBF4F /* Bookworm.xcdatamodeld */; };
		162301E3254C4F28005CBF4F /* ContentView.swift in Sources */ = {isa = PBXBuildFile; fileRef = 162301E2254C4F28005CBF4F /* ContentView.swift */; };
		162301E5254C4F29005CBF4F /* Assets.xcassets in Resources */ = {isa = PBXBuildFile; fileRef = 162301E4254C4F29005CBF4F /* Assets.xcassets */; };
		162301E8254C4F29005CBF4F /* Preview Assets.xcassets in Resources */ = {isa = PBXBuildFile; fileRef = 162301E7254C4F29005CBF4F /* Preview Assets.xcassets */; };
		162301EB254C4F29005CBF4F /* LaunchScreen.storyboard in Resources */ = {isa = PBXBuildFile; fileRef = 162301E9254C4F29005CBF4F /* LaunchScreen.storyboard */; };
		16FCD0312551C20B00E26ECA /* AddBookView.swift in Sources */ = {isa = PBXBuildFile; fileRef = 16FCD0302551C20B00E26ECA /* AddBookView.swift */; };
		16FCD0332551E79700E26ECA /* RatingView.swift in Sources */ = {isa = PBXBuildFile; fileRef = 16FCD0322551E79700E26ECA /* RatingView.swift */; };
		16FCD0352551F55D00E26ECA /* EmojiRatingView.swift in Sources */ = {isa = PBXBuildFile; fileRef = 16FCD0342551F55D00E26ECA /* EmojiRatingView.swift */; };
		16FCD0372551F7C200E26ECA /* DetailView.swift in Sources */ = {isa = PBXBuildFile; fileRef = 16FCD0362551F7C200E26ECA /* DetailView.swift */; };
/* End PBXBuildFile section */

/* Begin PBXFileReference section */
		162301D8254C4F28005CBF4F /* Bookworm.app */ = {isa = PBXFileReference; explicitFileType = wrapper.application; includeInIndex = 0; path = Bookworm.app; sourceTree = BUILT_PRODUCTS_DIR; };
		162301DB254C4F28005CBF4F /* AppDelegate.swift */ = {isa = PBXFileReference; lastKnownFileType = sourcecode.swift; path = AppDelegate.swift; sourceTree = "<group>"; };
		162301DD254C4F28005CBF4F /* SceneDelegate.swift */ = {isa = PBXFileReference; lastKnownFileType = sourcecode.swift; path = SceneDelegate.swift; sourceTree = "<group>"; };
		162301E0254C4F28005CBF4F /* Bookworm.xcdatamodel */ = {isa = PBXFileReference; lastKnownFileType = wrapper.xcdatamodel; path = Bookworm.xcdatamodel; sourceTree = "<group>"; };
		162301E2254C4F28005CBF4F /* ContentView.swift */ = {isa = PBXFileReference; lastKnownFileType = sourcecode.swift; path = ContentView.swift; sourceTree = "<group>"; };
		162301E4254C4F29005CBF4F /* Assets.xcassets */ = {isa = PBXFileReference; lastKnownFileType = folder.assetcatalog; path = Assets.xcassets; sourceTree = "<group>"; };
		162301E7254C4F29005CBF4F /* Preview Assets.xcassets */ = {isa = PBXFileReference; lastKnownFileType = folder.assetcatalog; path = "Preview Assets.xcassets"; sourceTree = "<group>"; };
		162301EA254C4F29005CBF4F /* Base */ = {isa = PBXFileReference; lastKnownFileType = file.storyboard; name = Base; path = Base.lproj/LaunchScreen.storyboard; sourceTree = "<group>"; };
		162301EC254C4F29005CBF4F /* Info.plist */ = {isa = PBXFileReference; lastKnownFileType = text.plist.xml; path = Info.plist; sourceTree = "<group>"; };
		16FCD0302551C20B00E26ECA /* AddBookView.swift */ = {isa = PBXFileReference; lastKnownFileType = sourcecode.swift; path = AddBookView.swift; sourceTree = "<group>"; };
		16FCD0322551E79700E26ECA /* RatingView.swift */ = {isa = PBXFileReference; lastKnownFileType = sourcecode.swift; path = RatingView.swift; sourceTree = "<group>"; };
		16FCD0342551F55D00E26ECA /* EmojiRatingView.swift */ = {isa = PBXFileReference; lastKnownFileType = sourcecode.swift; path = EmojiRatingView.swift; sourceTree = "<group>"; };
		16FCD0362551F7C200E26ECA /* DetailView.swift */ = {isa = PBXFileReference; lastKnownFileType = sourcecode.swift; path = DetailView.swift; sourceTree = "<group>"; };
/* End PBXFileReference section */

/* Begin PBXFrameworksBuildPhase section */
		162301D5254C4F28005CBF4F /* Frameworks */ = {
			isa = PBXFrameworksBuildPhase;
			buildActionMask = 2147483647;
			files = (
			);
			runOnlyForDeploymentPostprocessing = 0;
		};
/* End PBXFrameworksBuildPhase section */

/* Begin PBXGroup section */
		162301CF254C4F28005CBF4F = {
			isa = PBXGroup;
			children = (
				162301DA254C4F28005CBF4F /* Bookworm */,
				162301D9254C4F28005CBF4F /* Products */,
			);
			sourceTree = "<group>";
		};
		162301D9254C4F28005CBF4F /* Products */ = {
			isa = PBXGroup;
			children = (
				162301D8254C4F28005CBF4F /* Bookworm.app */,
			);
			name = Products;
			sourceTree = "<group>";
		};
		162301DA254C4F28005CBF4F /* Bookworm */ = {
			isa = PBXGroup;
			children = (
				162301DB254C4F28005CBF4F /* AppDelegate.swift */,
				162301DD254C4F28005CBF4F /* SceneDelegate.swift */,
				162301E2254C4F28005CBF4F /* ContentView.swift */,
				16FCD0362551F7C200E26ECA /* DetailView.swift */,
				162301E4254C4F29005CBF4F /* Assets.xcassets */,
				162301E9254C4F29005CBF4F /* LaunchScreen.storyboard */,
				162301EC254C4F29005CBF4F /* Info.plist */,
				162301DF254C4F28005CBF4F /* Bookworm.xcdatamodeld */,
				162301E6254C4F29005CBF4F /* Preview Content */,
				16FCD0302551C20B00E26ECA /* AddBookView.swift */,
				16FCD0342551F55D00E26ECA /* EmojiRatingView.swift */,
				16FCD0322551E79700E26ECA /* RatingView.swift */,
			);
			path = Bookworm;
			sourceTree = "<group>";
		};
		162301E6254C4F29005CBF4F /* Preview Content */ = {
			isa = PBXGroup;
			children = (
				162301E7254C4F29005CBF4F /* Preview Assets.xcassets */,
			);
			path = "Preview Content";
			sourceTree = "<group>";
		};
/* End PBXGroup section */

/* Begin PBXNativeTarget section */
		162301D7254C4F28005CBF4F /* Bookworm */ = {
			isa = PBXNativeTarget;
			buildConfigurationList = 162301EF254C4F29005CBF4F /* Build configuration list for PBXNativeTarget "Bookworm" */;
			buildPhases = (
				162301D4254C4F28005CBF4F /* Sources */,
				162301D5254C4F28005CBF4F /* Frameworks */,
				162301D6254C4F28005CBF4F /* Resources */,
			);
			buildRules = (
			);
			dependencies = (
			);
			name = Bookworm;
			productName = Bookworm;
			productReference = 162301D8254C4F28005CBF4F /* Bookworm.app */;
			productType = "com.apple.product-type.application";
		};
/* End PBXNativeTarget section */

/* Begin PBXProject section */
		162301D0254C4F28005CBF4F /* Project object */ = {
			isa = PBXProject;
			attributes = {
				LastSwiftUpdateCheck = 1130;
				LastUpgradeCheck = 1130;
				ORGANIZATIONNAME = Jacob;
				TargetAttributes = {
					162301D7254C4F28005CBF4F = {
						CreatedOnToolsVersion = 11.3.1;
					};
				};
			};
			buildConfigurationList = 162301D3254C4F28005CBF4F /* Build configuration list for PBXProject "Bookworm" */;
			compatibilityVersion = "Xcode 9.3";
			developmentRegion = en;
			hasScannedForEncodings = 0;
			knownRegions = (
				en,
				Base,
			);
			mainGroup = 162301CF254C4F28005CBF4F;
			productRefGroup = 162301D9254C4F28005CBF4F /* Products */;
			projectDirPath = "";
			projectRoot = "";
			targets = (
				162301D7254C4F28005CBF4F /* Bookworm */,
			);
		};
/* End PBXProject section */

/* Begin PBXResourcesBuildPhase section */
		162301D6254C4F28005CBF4F /* Resources */ = {
			isa = PBXResourcesBuildPhase;
			buildActionMask = 2147483647;
			files = (
				162301EB254C4F29005CBF4F /* LaunchScreen.storyboard in Resources */,
				162301E8254C4F29005CBF4F /* Preview Assets.xcassets in Resources */,
				162301E5254C4F29005CBF4F /* Assets.xcassets in Resources */,
			);
			runOnlyForDeploymentPostprocessing = 0;
		};
/* End PBXResourcesBuildPhase section */

/* Begin PBXSourcesBuildPhase section */
		162301D4254C4F28005CBF4F /* Sources */ = {
			isa = PBXSourcesBuildPhase;
			buildActionMask = 2147483647;
			files = (
				162301DC254C4F28005CBF4F /* AppDelegate.swift in Sources */,
				16FCD0372551F7C200E26ECA /* DetailView.swift in Sources */,
				162301E1254C4F28005CBF4F /* Bookworm.xcdatamodeld in Sources */,
				16FCD0352551F55D00E26ECA /* EmojiRatingView.swift in Sources */,
				162301E3254C4F28005CBF4F /* ContentView.swift in Sources */,
				16FCD0332551E79700E26ECA /* RatingView.swift in Sources */,
				162301DE254C4F28005CBF4F /* SceneDelegate.swift in Sources */,
				16FCD0312551C20B00E26ECA /* AddBookView.swift in Sources */,
			);
			runOnlyForDeploymentPostprocessing = 0;
		};
/* End PBXSourcesBuildPhase section */

/* Begin PBXVariantGroup section */
		162301E9254C4F29005CBF4F /* LaunchScreen.storyboard */ = {
			isa = PBXVariantGroup;
			children = (
				162301EA254C4F29005CBF4F /* Base */,
			);
			name = LaunchScreen.storyboard;
			sourceTree = "<group>";
		};
/* End PBXVariantGroup section */

/* Begin XCBuildConfiguration section */
		162301ED254C4F29005CBF4F /* Debug */ = {
			isa = XCBuildConfiguration;
			buildSettings = {
				ALWAYS_SEARCH_USER_PATHS = NO;
				CLANG_ANALYZER_NONNULL = YES;
				CLANG_ANALYZER_NUMBER_OBJECT_CONVERSION = YES_AGGRESSIVE;
				CLANG_CXX_LANGUAGE_STANDARD = "gnu++14";
				CLANG_CXX_LIBRARY = "libc++";
				CLANG_ENABLE_MODULES = YES;
				CLANG_ENABLE_OBJC_ARC = YES;
				CLANG_ENABLE_OBJC_WEAK = YES;
				CLANG_WARN_BLOCK_CAPTURE_AUTORELEASING = YES;
				CLANG_WARN_BOOL_CONVERSION = YES;
				CLANG_WARN_COMMA = YES;
				CLANG_WARN_CONSTANT_CONVERSION = YES;
				CLANG_WARN_DEPRECATED_OBJC_IMPLEMENTATIONS = YES;
				CLANG_WARN_DIRECT_OBJC_ISA_USAGE = YES_ERROR;
				CLANG_WARN_DOCUMENTATION_COMMENTS = YES;
				CLANG_WARN_EMPTY_BODY = YES;
				CLANG_WARN_ENUM_CONVERSION = YES;
				CLANG_WARN_INFINITE_RECURSION = YES;
				CLANG_WARN_INT_CONVERSION = YES;
				CLANG_WARN_NON_LITERAL_NULL_CONVERSION = YES;
				CLANG_WARN_OBJC_IMPLICIT_RETAIN_SELF = YES;
				CLANG_WARN_OBJC_LITERAL_CONVERSION = YES;
				CLANG_WARN_OBJC_ROOT_CLASS = YES_ERROR;
				CLANG_WARN_RANGE_LOOP_ANALYSIS = YES;
				CLANG_WARN_STRICT_PROTOTYPES = YES;
				CLANG_WARN_SUSPICIOUS_MOVE = YES;
				CLANG_WARN_UNGUARDED_AVAILABILITY = YES_AGGRESSIVE;
				CLANG_WARN_UNREACHABLE_CODE = YES;
				CLANG_WARN__DUPLICATE_METHOD_MATCH = YES;
				COPY_PHASE_STRIP = NO;
				DEBUG_INFORMATION_FORMAT = dwarf;
				ENABLE_STRICT_OBJC_MSGSEND = YES;
				ENABLE_TESTABILITY = YES;
				GCC_C_LANGUAGE_STANDARD = gnu11;
				GCC_DYNAMIC_NO_PIC = NO;
				GCC_NO_COMMON_BLOCKS = YES;
				GCC_OPTIMIZATION_LEVEL = 0;
				GCC_PREPROCESSOR_DEFINITIONS = (
					"DEBUG=1",
					"$(inherited)",
				);
				GCC_WARN_64_TO_32_BIT_CONVERSION = YES;
				GCC_WARN_ABOUT_RETURN_TYPE = YES_ERROR;
				GCC_WARN_UNDECLARED_SELECTOR = YES;
				GCC_WARN_UNINITIALIZED_AUTOS = YES_AGGRESSIVE;
				GCC_WARN_UNUSED_FUNCTION = YES;
				GCC_WARN_UNUSED_VARIABLE = YES;
				IPHONEOS_DEPLOYMENT_TARGET = 13.2;
				MTL_ENABLE_DEBUG_INFO = INCLUDE_SOURCE;
				MTL_FAST_MATH = YES;
				ONLY_ACTIVE_ARCH = YES;
				SDKROOT = iphoneos;
				SWIFT_ACTIVE_COMPILATION_CONDITIONS = DEBUG;
				SWIFT_OPTIMIZATION_LEVEL = "-Onone";
			};
			name = Debug;
		};
		162301EE254C4F29005CBF4F /* Release */ = {
			isa = XCBuildConfiguration;
			buildSettings = {
				ALWAYS_SEARCH_USER_PATHS = NO;
				CLANG_ANALYZER_NONNULL = YES;
				CLANG_ANALYZER_NUMBER_OBJECT_CONVERSION = YES_AGGRESSIVE;
				CLANG_CXX_LANGUAGE_STANDARD = "gnu++14";
				CLANG_CXX_LIBRARY = "libc++";
				CLANG_ENABLE_MODULES = YES;
				CLANG_ENABLE_OBJC_ARC = YES;
				CLANG_ENABLE_OBJC_WEAK = YES;
				CLANG_WARN_BLOCK_CAPTURE_AUTORELEASING = YES;
				CLANG_WARN_BOOL_CONVERSION = YES;
				CLANG_WARN_COMMA = YES;
				CLANG_WARN_CONSTANT_CONVERSION = YES;
				CLANG_WARN_DEPRECATED_OBJC_IMPLEMENTATIONS = YES;
				CLANG_WARN_DIRECT_OBJC_ISA_USAGE = YES_ERROR;
				CLANG_WARN_DOCUMENTATION_COMMENTS = YES;
				CLANG_WARN_EMPTY_BODY = YES;
				CLANG_WARN_ENUM_CONVERSION = YES;
				CLANG_WARN_INFINITE_RECURSION = YES;
				CLANG_WARN_INT_CONVERSION = YES;
				CLANG_WARN_NON_LITERAL_NULL_CONVERSION = YES;
				CLANG_WARN_OBJC_IMPLICIT_RETAIN_SELF = YES;
				CLANG_WARN_OBJC_LITERAL_CONVERSION = YES;
				CLANG_WARN_OBJC_ROOT_CLASS = YES_ERROR;
				CLANG_WARN_RANGE_LOOP_ANALYSIS = YES;
				CLANG_WARN_STRICT_PROTOTYPES = YES;
				CLANG_WARN_SUSPICIOUS_MOVE = YES;
				CLANG_WARN_UNGUARDED_AVAILABILITY = YES_AGGRESSIVE;
				CLANG_WARN_UNREACHABLE_CODE = YES;
				CLANG_WARN__DUPLICATE_METHOD_MATCH = YES;
				COPY_PHASE_STRIP = NO;
				DEBUG_INFORMATION_FORMAT = "dwarf-with-dsym";
				ENABLE_NS_ASSERTIONS = NO;
				ENABLE_STRICT_OBJC_MSGSEND = YES;
				GCC_C_LANGUAGE_STANDARD = gnu11;
				GCC_NO_COMMON_BLOCKS = YES;
				GCC_WARN_64_TO_32_BIT_CONVERSION = YES;
				GCC_WARN_ABOUT_RETURN_TYPE = YES_ERROR;
				GCC_WARN_UNDECLARED_SELECTOR = YES;
				GCC_WARN_UNINITIALIZED_AUTOS = YES_AGGRESSIVE;
				GCC_WARN_UNUSED_FUNCTION = YES;
				GCC_WARN_UNUSED_VARIABLE = YES;
				IPHONEOS_DEPLOYMENT_TARGET = 13.2;
				MTL_ENABLE_DEBUG_INFO = NO;
				MTL_FAST_MATH = YES;
				SDKROOT = iphoneos;
				SWIFT_COMPILATION_MODE = wholemodule;
				SWIFT_OPTIMIZATION_LEVEL = "-O";
				VALIDATE_PRODUCT = YES;
			};
			name = Release;
		};
		162301F0254C4F29005CBF4F /* Debug */ = {
			isa = XCBuildConfiguration;
			buildSettings = {
				ASSETCATALOG_COMPILER_APPICON_NAME = AppIcon;
				CODE_SIGN_STYLE = Automatic;
				DEVELOPMENT_ASSET_PATHS = "\"Bookworm/Preview Content\"";
				DEVELOPMENT_TEAM = C5M3296HDF;
				ENABLE_PREVIEWS = YES;
				INFOPLIST_FILE = Bookworm/Info.plist;
				LD_RUNPATH_SEARCH_PATHS = (
					"$(inherited)",
					"@executable_path/Frameworks",
				);
				PRODUCT_BUNDLE_IDENTIFIER = com.gmail.cubhoffman.Bookworm;
				PRODUCT_NAME = "$(TARGET_NAME)";
				SWIFT_VERSION = 5.0;
				TARGETED_DEVICE_FAMILY = "1,2";
			};
			name = Debug;
		};
		162301F1254C4F29005CBF4F /* Release */ = {
			isa = XCBuildConfiguration;
			buildSettings = {
				ASSETCATALOG_COMPILER_APPICON_NAME = AppIcon;
				CODE_SIGN_STYLE = Automatic;
				DEVELOPMENT_ASSET_PATHS = "\"Bookworm/Preview Content\"";
				DEVELOPMENT_TEAM = C5M3296HDF;
				ENABLE_PREVIEWS = YES;
				INFOPLIST_FILE = Bookworm/Info.plist;
				LD_RUNPATH_SEARCH_PATHS = (
					"$(inherited)",
					"@executable_path/Frameworks",
				);
				PRODUCT_BUNDLE_IDENTIFIER = com.gmail.cubhoffman.Bookworm;
				PRODUCT_NAME = "$(TARGET_NAME)";
				SWIFT_VERSION = 5.0;
				TARGETED_DEVICE_FAMILY = "1,2";
			};
			name = Release;
		};
/* End XCBuildConfiguration section */

/* Begin XCConfigurationList section */
		162301D3254C4F28005CBF4F /* Build configuration list for PBXProject "Bookworm" */ = {
			isa = XCConfigurationList;
			buildConfigurations = (
				162301ED254C4F29005CBF4F /* Debug */,
				162301EE254C4F29005CBF4F /* Release */,
			);
			defaultConfigurationIsVisible = 0;
			defaultConfigurationName = Release;
		};
		162301EF254C4F29005CBF4F /* Build configuration list for PBXNativeTarget "Bookworm" */ = {
			isa = XCConfigurationList;
			buildConfigurations = (
				162301F0254C4F29005CBF4F /* Debug */,
				162301F1254C4F29005CBF4F /* Release */,
			);
			defaultConfigurationIsVisible = 0;
			defaultConfigurationName = Release;
		};
/* End XCConfigurationList section */

/* Begin XCVersionGroup section */
		162301DF254C4F28005CBF4F /* Bookworm.xcdatamodeld */ = {
			isa = XCVersionGroup;
			children = (
				162301E0254C4F28005CBF4F /* Bookworm.xcdatamodel */,
			);
			currentVersion = 162301E0254C4F28005CBF4F /* Bookworm.xcdatamodel */;
			path = Bookworm.xcdatamodeld;
			sourceTree = "<group>";
			versionGroupType = wrapper.xcdatamodel;
		};
/* End XCVersionGroup section */
	};
	rootObject = 162301D0254C4F28005CBF4F /* Project object */;
}
